<?xml version="1.0" encoding="utf-8"?>
<Project ToolsVersion="17.0" xmlns="http://schemas.microsoft.com/developer/msbuild/2003">
  <ItemGroup>
    <ClCompile Include="D:\Praktika\top1project\Classes\AppDelegate.cpp">
      <Filter>Source Files\Classes</Filter>
    </ClCompile>
    <ClCompile Include="D:\Praktika\top1project\Classes\MainScene.cpp">
      <Filter>Source Files\Classes</Filter>
    </ClCompile>
    <ClCompile Include="D:\Praktika\top1project\Classes\Player.cpp">
      <Filter>Source Files\Classes</Filter>
    </ClCompile>
    <ClCompile Include="D:\Praktika\top1project\proj.win32\main.cpp">
      <Filter>Source Files\proj.win32</Filter>
    </ClCompile>
    <ClCompile Include="D:\Praktika\top1project\cocos2d\cocos\precheader.cpp">
      <Filter>Source Files</Filter>
    </ClCompile>
  </ItemGroup>
  <ItemGroup>
    <ClInclude Include="D:\Praktika\top1project\Classes\AppDelegate.h">
      <Filter>Source Files\Classes</Filter>
    </ClInclude>
    <ClInclude Include="D:\Praktika\top1project\Classes\MainScene.h">
      <Filter>Source Files\Classes</Filter>
    </ClInclude>
    <ClInclude Include="D:\Praktika\top1project\Classes\Player.h">
      <Filter>Source Files\Classes</Filter>
    </ClInclude>
    <ClInclude Include="D:\Praktika\top1project\proj.win32\main.h">
      <Filter>Source Files\proj.win32</Filter>
    </ClInclude>
    <ClInclude Include="D:\Praktika\top1project\proj.win32\resource.h">
      <Filter>Source Files\proj.win32</Filter>
    </ClInclude>
    <ClInclude Include="D:\Praktika\top1project\Resources\background.png">
      <Filter>Resources</Filter>
    </ClInclude>
    <ClInclude Include="D:\Praktika\top1project\Resources\fonts\Marker Felt.ttf">
      <Filter>Resources\fonts</Filter>
    </ClInclude>
    <ClInclude Include="D:\Praktika\top1project\Resources\fonts\arial.ttf">
      <Filter>Resources\fonts</Filter>
    </ClInclude>
    <ClInclude Include="D:\Praktika\top1project\Resources\hummerBlack.png">
      <Filter>Resources</Filter>
    </ClInclude>
    <ClInclude Include="D:\Praktika\top1project\Resources\line.png">
      <Filter>Resources</Filter>
    </ClInclude>
    <ClInclude Include="D:\Praktika\top1project\Resources\playerBlack.png">
      <Filter>Resources</Filter>
    </ClInclude>
    <ClInclude Include="D:\Praktika\top1project\Resources\redline.png">
      <Filter>Resources</Filter>
    </ClInclude>
    <ClInclude Include="D:\Praktika\top1project\Resources\regularPlayer.png">
      <Filter>Resources</Filter>
    </ClInclude>
    <ClInclude Include="D:\Praktika\top1project\Resources\res\.gitkeep">
      <Filter>Resources\res</Filter>
    </ClInclude>
    <ClInclude Include="D:\Praktika\top1project\Resources\top.png">
      <Filter>Resources</Filter>
    </ClInclude>
    <ClInclude Include="D:\Praktika\top1project\Resources\wall.bmp">
      <Filter>Resources</Filter>
    </ClInclude>
    <ClInclude Include="D:\Praktika\top1project\Resources\wall.png">
      <Filter>Resources</Filter>
    </ClInclude>
    <ClInclude Include="D:\Praktika\top1project\Resources\weakPlayerBlack.png">
      <Filter>Resources</Filter>
    </ClInclude>
    <ClInclude Include="D:\Praktika\top1project\Resources\wheel.png">
      <Filter>Resources</Filter>
    </ClInclude>
    <ClInclude Include="D:\Praktika\top1project\Resources\Новый точечный рисунок.bmp">
      <Filter>Resources</Filter>
    </ClInclude>
  </ItemGroup>
  <ItemGroup>
    <CustomBuild Include="D:\Praktika\top1project\CMakeLists.txt" />
  </ItemGroup>
  <ItemGroup>
    <ResourceCompile Include="D:\Praktika\top1project\proj.win32\game.rc">
      <Filter>Source Files\proj.win32</Filter>
    </ResourceCompile>
  </ItemGroup>
  <ItemGroup>
    <Filter Include="Resources">
      <UniqueIdentifier>{E7D4018E-E9C3-3F37-A958-A12E78C1FC51}</UniqueIdentifier>
    </Filter>
    <Filter Include="Resources\fonts">
      <UniqueIdentifier>{067827B6-E6DE-3F7D-AB94-28C50F8F2D3D}</UniqueIdentifier>
    </Filter>
    <Filter Include="Resources\res">
      <UniqueIdentifier>{9949A7C8-1716-317B-9C55-0CEF49DA49C5}</UniqueIdentifier>
    </Filter>
    <Filter Include="Source Files">
      <UniqueIdentifier>{6FD9B582-F01E-38DB-A707-FB7339723C92}</UniqueIdentifier>
    </Filter>
    <Filter Include="Source Files\Classes">
      <UniqueIdentifier>{F46D6B97-6220-3E0E-A3BF-8748D4269153}</UniqueIdentifier>
    </Filter>
    <Filter Include="Source Files\proj.win32">
      <UniqueIdentifier>{2CE6845F-C3A8-3392-A352-9B42B85415F0}</UniqueIdentifier>
    </Filter>
  </ItemGroup>
</Project>
