
Microsoft Visual Studio Solution File, Format Version 12.00
# Visual Studio Version 17
Project("{2150E333-8FDC-42A3-9474-1A3956D46DE8}") = "CMakePredefinedTargets", "CMakePredefinedTargets", "{E2D20637-E8B7-3B8F-A5D6-F9FD6E972744}"
EndProject
Project("{2150E333-8FDC-42A3-9474-1A3956D46DE8}") = "External", "External", "{C6B775F4-1DDA-3A0E-9611-0048CDE5437D}"
EndProject
Project("{2150E333-8FDC-42A3-9474-1A3956D46DE8}") = "Internal", "Internal", "{A5B62966-A983-3E4E-B381-A735EF7CE574}"
EndProject
Project("{8BC9CEB8-8B4A-11D0-8D11-00A0C91BC942}") = "ALL_BUILD", "ALL_BUILD.vcxproj", "{BD0121C3-BAC0-343D-B506-B5F13AEAC9B7}"
	ProjectSection(ProjectDependencies) = postProject
		{3260BAFC-3F42-3B6C-AFA8-F973FDC71EEC} = {3260BAFC-3F42-3B6C-AFA8-F973FDC71EEC}
		{F3726D02-ADBD-33BA-BFC2-FA81FB0A0F26} = {F3726D02-ADBD-33BA-BFC2-FA81FB0A0F26}
		{BBCA8DAA-3AFB-32E9-8857-6A64DC102816} = {BBCA8DAA-3AFB-32E9-8857-6A64DC102816}
		{966A30A3-8333-3E21-97EF-11E3721AF9AE} = {966A30A3-8333-3E21-97EF-11E3721AF9AE}
		{279E53E8-CDEB-3138-B285-6FBAD3D3850B} = {279E53E8-CDEB-3138-B285-6FBAD3D3850B}
		{37A9AC5E-AFBA-3AAE-8ECE-4F864899342F} = {37A9AC5E-AFBA-3AAE-8ECE-4F864899342F}
		{6EC6CC13-5FF4-39B3-A2A4-13EA390562CF} = {6EC6CC13-5FF4-39B3-A2A4-13EA390562CF}
		{1518ECD9-0915-30C5-AC7B-CCE6E6ECBC8D} = {1518ECD9-0915-30C5-AC7B-CCE6E6ECBC8D}
		{86F604F7-7B1E-3261-AC0A-FA0C0134C71C} = {86F604F7-7B1E-3261-AC0A-FA0C0134C71C}
		{16B0A742-3F62-393B-8796-8BA1446ED228} = {16B0A742-3F62-393B-8796-8BA1446ED228}
		{BE443993-A41C-39D7-8C8E-2A22CDFC1672} = {BE443993-A41C-39D7-8C8E-2A22CDFC1672}
		{2BA4251F-2D45-3E2E-8A8F-4C55269DD9DC} = {2BA4251F-2D45-3E2E-8A8F-4C55269DD9DC}
	EndProjectSection
EndProject
Project("{8BC9CEB8-8B4A-11D0-8D11-00A0C91BC942}") = "cocos2d", "cocos2d.vcxproj", "{3260BAFC-3F42-3B6C-AFA8-F973FDC71EEC}"
	ProjectSection(ProjectDependencies) = postProject
		{F3726D02-ADBD-33BA-BFC2-FA81FB0A0F26} = {F3726D02-ADBD-33BA-BFC2-FA81FB0A0F26}
		{BBCA8DAA-3AFB-32E9-8857-6A64DC102816} = {BBCA8DAA-3AFB-32E9-8857-6A64DC102816}
		{966A30A3-8333-3E21-97EF-11E3721AF9AE} = {966A30A3-8333-3E21-97EF-11E3721AF9AE}
		{279E53E8-CDEB-3138-B285-6FBAD3D3850B} = {279E53E8-CDEB-3138-B285-6FBAD3D3850B}
		{37A9AC5E-AFBA-3AAE-8ECE-4F864899342F} = {37A9AC5E-AFBA-3AAE-8ECE-4F864899342F}
		{6EC6CC13-5FF4-39B3-A2A4-13EA390562CF} = {6EC6CC13-5FF4-39B3-A2A4-13EA390562CF}
		{1518ECD9-0915-30C5-AC7B-CCE6E6ECBC8D} = {1518ECD9-0915-30C5-AC7B-CCE6E6ECBC8D}
		{86F604F7-7B1E-3261-AC0A-FA0C0134C71C} = {86F604F7-7B1E-3261-AC0A-FA0C0134C71C}
		{16B0A742-3F62-393B-8796-8BA1446ED228} = {16B0A742-3F62-393B-8796-8BA1446ED228}
		{BE443993-A41C-39D7-8C8E-2A22CDFC1672} = {BE443993-A41C-39D7-8C8E-2A22CDFC1672}
		{2BA4251F-2D45-3E2E-8A8F-4C55269DD9DC} = {2BA4251F-2D45-3E2E-8A8F-4C55269DD9DC}
	EndProjectSection
EndProject
Project("{8BC9CEB8-8B4A-11D0-8D11-00A0C91BC942}") = "ext_clipper", "..\..\external\clipper\ext_clipper.vcxproj", "{F3726D02-ADBD-33BA-BFC2-FA81FB0A0F26}"
	ProjectSection(ProjectDependencies) = postProject
	EndProjectSection
EndProject
Project("{8BC9CEB8-8B4A-11D0-8D11-00A0C91BC942}") = "ext_convertUTF", "..\..\external\ConvertUTF\ext_convertUTF.vcxproj", "{BBCA8DAA-3AFB-32E9-8857-6A64DC102816}"
	ProjectSection(ProjectDependencies) = postProject
	EndProjectSection
EndProject
Project("{8BC9CEB8-8B4A-11D0-8D11-00A0C91BC942}") = "ext_edtaa3func", "..\..\external\edtaa3func\ext_edtaa3func.vcxproj", "{966A30A3-8333-3E21-97EF-11E3721AF9AE}"
	ProjectSection(ProjectDependencies) = postProject
	EndProjectSection
EndProject
Project("{8BC9CEB8-8B4A-11D0-8D11-00A0C91BC942}") = "ext_md5", "..\..\external\md5\ext_md5.vcxproj", "{279E53E8-CDEB-3138-B285-6FBAD3D3850B}"
	ProjectSection(ProjectDependencies) = postProject
	EndProjectSection
EndProject
Project("{8BC9CEB8-8B4A-11D0-8D11-00A0C91BC942}") = "ext_poly2tri", "..\..\external\poly2tri\ext_poly2tri.vcxproj", "{37A9AC5E-AFBA-3AAE-8ECE-4F864899342F}"
	ProjectSection(ProjectDependencies) = postProject
	EndProjectSection
EndProject
Project("{8BC9CEB8-8B4A-11D0-8D11-00A0C91BC942}") = "ext_recast", "..\..\external\recast\ext_recast.vcxproj", "{6EC6CC13-5FF4-39B3-A2A4-13EA390562CF}"
	ProjectSection(ProjectDependencies) = postProject
	EndProjectSection
EndProject
Project("{8BC9CEB8-8B4A-11D0-8D11-00A0C91BC942}") = "ext_tinyxml2", "..\..\external\tinyxml2\ext_tinyxml2.vcxproj", "{1518ECD9-0915-30C5-AC7B-CCE6E6ECBC8D}"
	ProjectSection(ProjectDependencies) = postProject
	EndProjectSection
EndProject
Project("{8BC9CEB8-8B4A-11D0-8D11-00A0C91BC942}") = "ext_unzip", "..\..\external\unzip\ext_unzip.vcxproj", "{86F604F7-7B1E-3261-AC0A-FA0C0134C71C}"
	ProjectSection(ProjectDependencies) = postProject
	EndProjectSection
EndProject
Project("{8BC9CEB8-8B4A-11D0-8D11-00A0C91BC942}") = "ext_xxhash", "..\..\external\xxhash\ext_xxhash.vcxproj", "{16B0A742-3F62-393B-8796-8BA1446ED228}"
	ProjectSection(ProjectDependencies) = postProject
	EndProjectSection
EndProject
Project("{8BC9CEB8-8B4A-11D0-8D11-00A0C91BC942}") = "ext_xxtea", "..\..\external\xxtea\ext_xxtea.vcxproj", "{BE443993-A41C-39D7-8C8E-2A22CDFC1672}"
	ProjectSection(ProjectDependencies) = postProject
	EndProjectSection
EndProject
Project("{8BC9CEB8-8B4A-11D0-8D11-00A0C91BC942}") = "external", "..\..\external\external.vcxproj", "{2BA4251F-2D45-3E2E-8A8F-4C55269DD9DC}"
	ProjectSection(ProjectDependencies) = postProject
		{F3726D02-ADBD-33BA-BFC2-FA81FB0A0F26} = {F3726D02-ADBD-33BA-BFC2-FA81FB0A0F26}
		{BBCA8DAA-3AFB-32E9-8857-6A64DC102816} = {BBCA8DAA-3AFB-32E9-8857-6A64DC102816}
		{966A30A3-8333-3E21-97EF-11E3721AF9AE} = {966A30A3-8333-3E21-97EF-11E3721AF9AE}
		{279E53E8-CDEB-3138-B285-6FBAD3D3850B} = {279E53E8-CDEB-3138-B285-6FBAD3D3850B}
		{37A9AC5E-AFBA-3AAE-8ECE-4F864899342F} = {37A9AC5E-AFBA-3AAE-8ECE-4F864899342F}
		{6EC6CC13-5FF4-39B3-A2A4-13EA390562CF} = {6EC6CC13-5FF4-39B3-A2A4-13EA390562CF}
		{1518ECD9-0915-30C5-AC7B-CCE6E6ECBC8D} = {1518ECD9-0915-30C5-AC7B-CCE6E6ECBC8D}
		{86F604F7-7B1E-3261-AC0A-FA0C0134C71C} = {86F604F7-7B1E-3261-AC0A-FA0C0134C71C}
		{16B0A742-3F62-393B-8796-8BA1446ED228} = {16B0A742-3F62-393B-8796-8BA1446ED228}
		{BE443993-A41C-39D7-8C8E-2A22CDFC1672} = {BE443993-A41C-39D7-8C8E-2A22CDFC1672}
	EndProjectSection
EndProject
Global
	GlobalSection(SolutionConfigurationPlatforms) = preSolution
		Debug|Win32 = Debug|Win32
		Release|Win32 = Release|Win32
		MinSizeRel|Win32 = MinSizeRel|Win32
		RelWithDebInfo|Win32 = RelWithDebInfo|Win32
	EndGlobalSection
	GlobalSection(ProjectConfigurationPlatforms) = postSolution
		{BD0121C3-BAC0-343D-B506-B5F13AEAC9B7}.Debug|Win32.ActiveCfg = Debug|Win32
		{BD0121C3-BAC0-343D-B506-B5F13AEAC9B7}.Release|Win32.ActiveCfg = Release|Win32
		{BD0121C3-BAC0-343D-B506-B5F13AEAC9B7}.MinSizeRel|Win32.ActiveCfg = MinSizeRel|Win32
		{BD0121C3-BAC0-343D-B506-B5F13AEAC9B7}.RelWithDebInfo|Win32.ActiveCfg = RelWithDebInfo|Win32
		{3260BAFC-3F42-3B6C-AFA8-F973FDC71EEC}.Debug|Win32.ActiveCfg = Debug|Win32
		{3260BAFC-3F42-3B6C-AFA8-F973FDC71EEC}.Debug|Win32.Build.0 = Debug|Win32
		{3260BAFC-3F42-3B6C-AFA8-F973FDC71EEC}.Release|Win32.ActiveCfg = Release|Win32
		{3260BAFC-3F42-3B6C-AFA8-F973FDC71EEC}.Release|Win32.Build.0 = Release|Win32
		{3260BAFC-3F42-3B6C-AFA8-F973FDC71EEC}.MinSizeRel|Win32.ActiveCfg = MinSizeRel|Win32
		{3260BAFC-3F42-3B6C-AFA8-F973FDC71EEC}.MinSizeRel|Win32.Build.0 = MinSizeRel|Win32
		{3260BAFC-3F42-3B6C-AFA8-F973FDC71EEC}.RelWithDebInfo|Win32.ActiveCfg = RelWithDebInfo|Win32
		{3260BAFC-3F42-3B6C-AFA8-F973FDC71EEC}.RelWithDebInfo|Win32.Build.0 = RelWithDebInfo|Win32
		{F3726D02-ADBD-33BA-BFC2-FA81FB0A0F26}.Debug|Win32.ActiveCfg = Debug|Win32
		{F3726D02-ADBD-33BA-BFC2-FA81FB0A0F26}.Debug|Win32.Build.0 = Debug|Win32
		{F3726D02-ADBD-33BA-BFC2-FA81FB0A0F26}.Release|Win32.ActiveCfg = Release|Win32
		{F3726D02-ADBD-33BA-BFC2-FA81FB0A0F26}.Release|Win32.Build.0 = Release|Win32
		{F3726D02-ADBD-33BA-BFC2-FA81FB0A0F26}.MinSizeRel|Win32.ActiveCfg = MinSizeRel|Win32
		{F3726D02-ADBD-33BA-BFC2-FA81FB0A0F26}.MinSizeRel|Win32.Build.0 = MinSizeRel|Win32
		{F3726D02-ADBD-33BA-BFC2-FA81FB0A0F26}.RelWithDebInfo|Win32.ActiveCfg = RelWithDebInfo|Win32
		{F3726D02-ADBD-33BA-BFC2-FA81FB0A0F26}.RelWithDebInfo|Win32.Build.0 = RelWithDebInfo|Win32
		{BBCA8DAA-3AFB-32E9-8857-6A64DC102816}.Debug|Win32.ActiveCfg = Debug|Win32
		{BBCA8DAA-3AFB-32E9-8857-6A64DC102816}.Debug|Win32.Build.0 = Debug|Win32
		{BBCA8DAA-3AFB-32E9-8857-6A64DC102816}.Release|Win32.ActiveCfg = Release|Win32
		{BBCA8DAA-3AFB-32E9-8857-6A64DC102816}.Release|Win32.Build.0 = Release|Win32
		{BBCA8DAA-3AFB-32E9-8857-6A64DC102816}.MinSizeRel|Win32.ActiveCfg = MinSizeRel|Win32
		{BBCA8DAA-3AFB-32E9-8857-6A64DC102816}.MinSizeRel|Win32.Build.0 = MinSizeRel|Win32
		{BBCA8DAA-3AFB-32E9-8857-6A64DC102816}.RelWithDebInfo|Win32.ActiveCfg = RelWithDebInfo|Win32
		{BBCA8DAA-3AFB-32E9-8857-6A64DC102816}.RelWithDebInfo|Win32.Build.0 = RelWithDebInfo|Win32
		{966A30A3-8333-3E21-97EF-11E3721AF9AE}.Debug|Win32.ActiveCfg = Debug|Win32
		{966A30A3-8333-3E21-97EF-11E3721AF9AE}.Debug|Win32.Build.0 = Debug|Win32
		{966A30A3-8333-3E21-97EF-11E3721AF9AE}.Release|Win32.ActiveCfg = Release|Win32
		{966A30A3-8333-3E21-97EF-11E3721AF9AE}.Release|Win32.Build.0 = Release|Win32
		{966A30A3-8333-3E21-97EF-11E3721AF9AE}.MinSizeRel|Win32.ActiveCfg = MinSizeRel|Win32
		{966A30A3-8333-3E21-97EF-11E3721AF9AE}.MinSizeRel|Win32.Build.0 = MinSizeRel|Win32
		{966A30A3-8333-3E21-97EF-11E3721AF9AE}.RelWithDebInfo|Win32.ActiveCfg = RelWithDebInfo|Win32
		{966A30A3-8333-3E21-97EF-11E3721AF9AE}.RelWithDebInfo|Win32.Build.0 = RelWithDebInfo|Win32
		{279E53E8-CDEB-3138-B285-6FBAD3D3850B}.Debug|Win32.ActiveCfg = Debug|Win32
		{279E53E8-CDEB-3138-B285-6FBAD3D3850B}.Debug|Win32.Build.0 = Debug|Win32
		{279E53E8-CDEB-3138-B285-6FBAD3D3850B}.Release|Win32.ActiveCfg = Release|Win32
		{279E53E8-CDEB-3138-B285-6FBAD3D3850B}.Release|Win32.Build.0 = Release|Win32
		{279E53E8-CDEB-3138-B285-6FBAD3D3850B}.MinSizeRel|Win32.ActiveCfg = MinSizeRel|Win32
		{279E53E8-CDEB-3138-B285-6FBAD3D3850B}.MinSizeRel|Win32.Build.0 = MinSizeRel|Win32
		{279E53E8-CDEB-3138-B285-6FBAD3D3850B}.RelWithDebInfo|Win32.ActiveCfg = RelWithDebInfo|Win32
		{279E53E8-CDEB-3138-B285-6FBAD3D3850B}.RelWithDebInfo|Win32.Build.0 = RelWithDebInfo|Win32
		{37A9AC5E-AFBA-3AAE-8ECE-4F864899342F}.Debug|Win32.ActiveCfg = Debug|Win32
		{37A9AC5E-AFBA-3AAE-8ECE-4F864899342F}.Debug|Win32.Build.0 = Debug|Win32
		{37A9AC5E-AFBA-3AAE-8ECE-4F864899342F}.Release|Win32.ActiveCfg = Release|Win32
		{37A9AC5E-AFBA-3AAE-8ECE-4F864899342F}.Release|Win32.Build.0 = Release|Win32
		{37A9AC5E-AFBA-3AAE-8ECE-4F864899342F}.MinSizeRel|Win32.ActiveCfg = MinSizeRel|Win32
		{37A9AC5E-AFBA-3AAE-8ECE-4F864899342F}.MinSizeRel|Win32.Build.0 = MinSizeRel|Win32
		{37A9AC5E-AFBA-3AAE-8ECE-4F864899342F}.RelWithDebInfo|Win32.ActiveCfg = RelWithDebInfo|Win32
		{37A9AC5E-AFBA-3AAE-8ECE-4F864899342F}.RelWithDebInfo|Win32.Build.0 = RelWithDebInfo|Win32
		{6EC6CC13-5FF4-39B3-A2A4-13EA390562CF}.Debug|Win32.ActiveCfg = Debug|Win32
		{6EC6CC13-5FF4-39B3-A2A4-13EA390562CF}.Debug|Win32.Build.0 = Debug|Win32
		{6EC6CC13-5FF4-39B3-A2A4-13EA390562CF}.Release|Win32.ActiveCfg = Release|Win32
		{6EC6CC13-5FF4-39B3-A2A4-13EA390562CF}.Release|Win32.Build.0 = Release|Win32
		{6EC6CC13-5FF4-39B3-A2A4-13EA390562CF}.MinSizeRel|Win32.ActiveCfg = MinSizeRel|Win32
		{6EC6CC13-5FF4-39B3-A2A4-13EA390562CF}.MinSizeRel|Win32.Build.0 = MinSizeRel|Win32
		{6EC6CC13-5FF4-39B3-A2A4-13EA390562CF}.RelWithDebInfo|Win32.ActiveCfg = RelWithDebInfo|Win32
		{6EC6CC13-5FF4-39B3-A2A4-13EA390562CF}.RelWithDebInfo|Win32.Build.0 = RelWithDebInfo|Win32
		{1518ECD9-0915-30C5-AC7B-CCE6E6ECBC8D}.Debug|Win32.ActiveCfg = Debug|Win32
		{1518ECD9-0915-30C5-AC7B-CCE6E6ECBC8D}.Debug|Win32.Build.0 = Debug|Win32
		{1518ECD9-0915-30C5-AC7B-CCE6E6ECBC8D}.Release|Win32.ActiveCfg = Release|Win32
		{1518ECD9-0915-30C5-AC7B-CCE6E6ECBC8D}.Release|Win32.Build.0 = Release|Win32
		{1518ECD9-0915-30C5-AC7B-CCE6E6ECBC8D}.MinSizeRel|Win32.ActiveCfg = MinSizeRel|Win32
		{1518ECD9-0915-30C5-AC7B-CCE6E6ECBC8D}.MinSizeRel|Win32.Build.0 = MinSizeRel|Win32
		{1518ECD9-0915-30C5-AC7B-CCE6E6ECBC8D}.RelWithDebInfo|Win32.ActiveCfg = RelWithDebInfo|Win32
		{1518ECD9-0915-30C5-AC7B-CCE6E6ECBC8D}.RelWithDebInfo|Win32.Build.0 = RelWithDebInfo|Win32
		{86F604F7-7B1E-3261-AC0A-FA0C0134C71C}.Debug|Win32.ActiveCfg = Debug|Win32
		{86F604F7-7B1E-3261-AC0A-FA0C0134C71C}.Debug|Win32.Build.0 = Debug|Win32
		{86F604F7-7B1E-3261-AC0A-FA0C0134C71C}.Release|Win32.ActiveCfg = Release|Win32
		{86F604F7-7B1E-3261-AC0A-FA0C0134C71C}.Release|Win32.Build.0 = Release|Win32
		{86F604F7-7B1E-3261-AC0A-FA0C0134C71C}.MinSizeRel|Win32.ActiveCfg = MinSizeRel|Win32
		{86F604F7-7B1E-3261-AC0A-FA0C0134C71C}.MinSizeRel|Win32.Build.0 = MinSizeRel|Win32
		{86F604F7-7B1E-3261-AC0A-FA0C0134C71C}.RelWithDebInfo|Win32.ActiveCfg = RelWithDebInfo|Win32
		{86F604F7-7B1E-3261-AC0A-FA0C0134C71C}.RelWithDebInfo|Win32.Build.0 = RelWithDebInfo|Win32
		{16B0A742-3F62-393B-8796-8BA1446ED228}.Debug|Win32.ActiveCfg = Debug|Win32
		{16B0A742-3F62-393B-8796-8BA1446ED228}.Debug|Win32.Build.0 = Debug|Win32
		{16B0A742-3F62-393B-8796-8BA1446ED228}.Release|Win32.ActiveCfg = Release|Win32
		{16B0A742-3F62-393B-8796-8BA1446ED228}.Release|Win32.Build.0 = Release|Win32
		{16B0A742-3F62-393B-8796-8BA1446ED228}.MinSizeRel|Win32.ActiveCfg = MinSizeRel|Win32
		{16B0A742-3F62-393B-8796-8BA1446ED228}.MinSizeRel|Win32.Build.0 = MinSizeRel|Win32
		{16B0A742-3F62-393B-8796-8BA1446ED228}.RelWithDebInfo|Win32.ActiveCfg = RelWithDebInfo|Win32
		{16B0A742-3F62-393B-8796-8BA1446ED228}.RelWithDebInfo|Win32.Build.0 = RelWithDebInfo|Win32
		{BE443993-A41C-39D7-8C8E-2A22CDFC1672}.Debug|Win32.ActiveCfg = Debug|Win32
		{BE443993-A41C-39D7-8C8E-2A22CDFC1672}.Debug|Win32.Build.0 = Debug|Win32
		{BE443993-A41C-39D7-8C8E-2A22CDFC1672}.Release|Win32.ActiveCfg = Release|Win32
		{BE443993-A41C-39D7-8C8E-2A22CDFC1672}.Release|Win32.Build.0 = Release|Win32
		{BE443993-A41C-39D7-8C8E-2A22CDFC1672}.MinSizeRel|Win32.ActiveCfg = MinSizeRel|Win32
		{BE443993-A41C-39D7-8C8E-2A22CDFC1672}.MinSizeRel|Win32.Build.0 = MinSizeRel|Win32
		{BE443993-A41C-39D7-8C8E-2A22CDFC1672}.RelWithDebInfo|Win32.ActiveCfg = RelWithDebInfo|Win32
		{BE443993-A41C-39D7-8C8E-2A22CDFC1672}.RelWithDebInfo|Win32.Build.0 = RelWithDebInfo|Win32
		{2BA4251F-2D45-3E2E-8A8F-4C55269DD9DC}.Debug|Win32.ActiveCfg = Debug|Win32
		{2BA4251F-2D45-3E2E-8A8F-4C55269DD9DC}.Debug|Win32.Build.0 = Debug|Win32
		{2BA4251F-2D45-3E2E-8A8F-4C55269DD9DC}.Release|Win32.ActiveCfg = Release|Win32
		{2BA4251F-2D45-3E2E-8A8F-4C55269DD9DC}.Release|Win32.Build.0 = Release|Win32
		{2BA4251F-2D45-3E2E-8A8F-4C55269DD9DC}.MinSizeRel|Win32.ActiveCfg = MinSizeRel|Win32
		{2BA4251F-2D45-3E2E-8A8F-4C55269DD9DC}.MinSizeRel|Win32.Build.0 = MinSizeRel|Win32
		{2BA4251F-2D45-3E2E-8A8F-4C55269DD9DC}.RelWithDebInfo|Win32.ActiveCfg = RelWithDebInfo|Win32
		{2BA4251F-2D45-3E2E-8A8F-4C55269DD9DC}.RelWithDebInfo|Win32.Build.0 = RelWithDebInfo|Win32
	EndGlobalSection
	GlobalSection(NestedProjects) = preSolution
		{BD0121C3-BAC0-343D-B506-B5F13AEAC9B7} = {E2D20637-E8B7-3B8F-A5D6-F9FD6E972744}
		{F3726D02-ADBD-33BA-BFC2-FA81FB0A0F26} = {C6B775F4-1DDA-3A0E-9611-0048CDE5437D}
		{BBCA8DAA-3AFB-32E9-8857-6A64DC102816} = {C6B775F4-1DDA-3A0E-9611-0048CDE5437D}
		{966A30A3-8333-3E21-97EF-11E3721AF9AE} = {C6B775F4-1DDA-3A0E-9611-0048CDE5437D}
		{279E53E8-CDEB-3138-B285-6FBAD3D3850B} = {C6B775F4-1DDA-3A0E-9611-0048CDE5437D}
		{37A9AC5E-AFBA-3AAE-8ECE-4F864899342F} = {C6B775F4-1DDA-3A0E-9611-0048CDE5437D}
		{6EC6CC13-5FF4-39B3-A2A4-13EA390562CF} = {C6B775F4-1DDA-3A0E-9611-0048CDE5437D}
		{1518ECD9-0915-30C5-AC7B-CCE6E6ECBC8D} = {C6B775F4-1DDA-3A0E-9611-0048CDE5437D}
		{86F604F7-7B1E-3261-AC0A-FA0C0134C71C} = {C6B775F4-1DDA-3A0E-9611-0048CDE5437D}
		{16B0A742-3F62-393B-8796-8BA1446ED228} = {C6B775F4-1DDA-3A0E-9611-0048CDE5437D}
		{BE443993-A41C-39D7-8C8E-2A22CDFC1672} = {C6B775F4-1DDA-3A0E-9611-0048CDE5437D}
		{2BA4251F-2D45-3E2E-8A8F-4C55269DD9DC} = {C6B775F4-1DDA-3A0E-9611-0048CDE5437D}
		{3260BAFC-3F42-3B6C-AFA8-F973FDC71EEC} = {A5B62966-A983-3E4E-B381-A735EF7CE574}
	EndGlobalSection
	GlobalSection(ExtensibilityGlobals) = postSolution
		SolutionGuid = {989164C7-4DBA-3967-9724-EF685CE2759F}
	EndGlobalSection
	GlobalSection(ExtensibilityAddIns) = postSolution
	EndGlobalSection
EndGlobal
